github.com/tomotakashimizu/gacha v1.0.0 h1:YooYhGEPJ9d8GvzBf0nVcn5Buo6aHMzVAl2xZG+Nz0Y=
github.com/tomotakashimizu/gacha v1.0.0/go.mod h1:CDlOP4HTTdtwTN4PI4ZkG7u93mwrxnDutb49g13HWWU=
github.com/tomotakashimizu/gacha v1.1.0 h1:/tYRSJMYKbDY+tyXKT2/hh3qRPKy2uyh2+fDMbshOrQ=
github.com/tomotakashimizu/gacha v1.1.0/go.mod h1:CDlOP4HTTdtwTN4PI4ZkG7u93mwrxnDutb49g13HWWU=
github.com/tomotakashimizu/gacha v1.2.0 h1:KwQCWlKOz4/q0YSlM8Zc81FjhfetkBvzf/AuhX91Lb4=
github.com/tomotakashimizu/gacha v1.2.0/go.mod h1:CDlOP4HTTdtwTN4PI4ZkG7u93mwrxnDutb49g13HWWU=
